// !$*UTF8*$!
{
	archiveVersion = 1;
	classes = {
	};
	objectVersion = 50;
	objects = {

/* Begin PBXBuildFile section */
		438E161C26AE4F7C00DB4144 /* AppDelegate.m in Sources */ = {isa = PBXBuildFile; fileRef = 438E161B26AE4F7C00DB4144 /* AppDelegate.m */; };
		438E161F26AE4F7C00DB4144 /* SceneDelegate.m in Sources */ = {isa = PBXBuildFile; fileRef = 438E161E26AE4F7C00DB4144 /* SceneDelegate.m */; };
		438E162226AE4F7C00DB4144 /* ViewController.m in Sources */ = {isa = PBXBuildFile; fileRef = 438E162126AE4F7C00DB4144 /* ViewController.m */; };
		438E162526AE4F7C00DB4144 /* Main.storyboard in Resources */ = {isa = PBXBuildFile; fileRef = 438E162326AE4F7C00DB4144 /* Main.storyboard */; };
		438E162726AE4F7D00DB4144 /* Assets.xcassets in Resources */ = {isa = PBXBuildFile; fileRef = 438E162626AE4F7D00DB4144 /* Assets.xcassets */; };
		438E162A26AE4F7D00DB4144 /* LaunchScreen.storyboard in Resources */ = {isa = PBXBuildFile; fileRef = 438E162826AE4F7D00DB4144 /* LaunchScreen.storyboard */; };
		438E162D26AE4F7D00DB4144 /* main.m in Sources */ = {isa = PBXBuildFile; fileRef = 438E162C26AE4F7D00DB4144 /* main.m */; };
		438E163626AE4FEE00DB4144 /* DPopupManager.m in Sources */ = {isa = PBXBuildFile; fileRef = 438E163526AE4FEE00DB4144 /* DPopupManager.m */; };
/* End PBXBuildFile section */

/* Begin PBXFileReference section */
		438E161726AE4F7C00DB4144 /* DPopupManager.app */ = {isa = PBXFileReference; explicitFileType = wrapper.application; includeInIndex = 0; path = DPopupManager.app; sourceTree = BUILT_PRODUCTS_DIR; };
		438E161A26AE4F7C00DB4144 /* AppDelegate.h */ = {isa = PBXFileReference; lastKnownFileType = sourcecode.c.h; path = AppDelegate.h; sourceTree = "<group>"; };
		438E161B26AE4F7C00DB4144 /* AppDelegate.m */ = {isa = PBXFileReference; lastKnownFileType = sourcecode.c.objc; path = AppDelegate.m; sourceTree = "<group>"; };
		438E161D26AE4F7C00DB4144 /* SceneDelegate.h */ = {isa = PBXFileReference; lastKnownFileType = sourcecode.c.h; path = SceneDelegate.h; sourceTree = "<group>"; };
		438E161E26AE4F7C00DB4144 /* SceneDelegate.m */ = {isa = PBXFileReference; lastKnownFileType = sourcecode.c.objc; path = SceneDelegate.m; sourceTree = "<group>"; };
		438E162026AE4F7C00DB4144 /* ViewController.h */ = {isa = PBXFileReference; lastKnownFileType = sourcecode.c.h; path = ViewController.h; sourceTree = "<group>"; };
		438E162126AE4F7C00DB4144 /* ViewController.m */ = {isa = PBXFileReference; lastKnownFileType = sourcecode.c.objc; path = ViewController.m; sourceTree = "<group>"; };
		438E162426AE4F7C00DB4144 /* Base */ = {isa = PBXFileReference; lastKnownFileType = file.storyboard; name = Base; path = Base.lproj/Main.storyboard; sourceTree = "<group>"; };
		438E162626AE4F7D00DB4144 /* Assets.xcassets */ = {isa = PBXFileReference; lastKnownFileType = folder.assetcatalog; path = Assets.xcassets; sourceTree = "<group>"; };
		438E162926AE4F7D00DB4144 /* Base */ = {isa = PBXFileReference; lastKnownFileType = file.storyboard; name = Base; path = Base.lproj/LaunchScreen.storyboard; sourceTree = "<group>"; };
		438E162B26AE4F7D00DB4144 /* Info.plist */ = {isa = PBXFileReference; lastKnownFileType = text.plist.xml; path = Info.plist; sourceTree = "<group>"; };
		438E162C26AE4F7D00DB4144 /* main.m */ = {isa = PBXFileReference; lastKnownFileType = sourcecode.c.objc; path = main.m; sourceTree = "<group>"; };
		438E163326AE4F9300DB4144 /* README.md */ = {isa = PBXFileReference; lastKnownFileType = net.daringfireball.markdown; path = README.md; sourceTree = "<group>"; };
		438E163426AE4FEE00DB4144 /* DPopupManager.h */ = {isa = PBXFileReference; lastKnownFileType = sourcecode.c.h; path = DPopupManager.h; sourceTree = "<group>"; };
		438E163526AE4FEE00DB4144 /* DPopupManager.m */ = {isa = PBXFileReference; lastKnownFileType = sourcecode.c.objc; path = DPopupManager.m; sourceTree = "<group>"; };
/* End PBXFileReference section */

/* Begin PBXFrameworksBuildPhase section */
		438E161426AE4F7C00DB4144 /* Frameworks */ = {
			isa = PBXFrameworksBuildPhase;
			buildActionMask = 2147483647;
			files = (
			);
			runOnlyForDeploymentPostprocessing = 0;
		};
/* End PBXFrameworksBuildPhase section */

/* Begin PBXGroup section */
		438E160E26AE4F7C00DB4144 = {
			isa = PBXGroup;
			children = (
				438E161926AE4F7C00DB4144 /* DPopupManager */,
				438E161826AE4F7C00DB4144 /* Products */,
			);
			sourceTree = "<group>";
		};
		438E161826AE4F7C00DB4144 /* Products */ = {
			isa = PBXGroup;
			children = (
				438E161726AE4F7C00DB4144 /* DPopupManager.app */,
			);
			name = Products;
			sourceTree = "<group>";
		};
		438E161926AE4F7C00DB4144 /* DPopupManager */ = {
			isa = PBXGroup;
			children = (
				438E161A26AE4F7C00DB4144 /* AppDelegate.h */,
				438E161B26AE4F7C00DB4144 /* AppDelegate.m */,
				438E161D26AE4F7C00DB4144 /* SceneDelegate.h */,
				438E161E26AE4F7C00DB4144 /* SceneDelegate.m */,
				438E162026AE4F7C00DB4144 /* ViewController.h */,
				438E162126AE4F7C00DB4144 /* ViewController.m */,
				438E163426AE4FEE00DB4144 /* DPopupManager.h */,
				438E163526AE4FEE00DB4144 /* DPopupManager.m */,
				438E163326AE4F9300DB4144 /* README.md */,
				438E162326AE4F7C00DB4144 /* Main.storyboard */,
				438E162626AE4F7D00DB4144 /* Assets.xcassets */,
				438E162826AE4F7D00DB4144 /* LaunchScreen.storyboard */,
				438E162B26AE4F7D00DB4144 /* Info.plist */,
				438E162C26AE4F7D00DB4144 /* main.m */,
			);
			path = DPopupManager;
			sourceTree = "<group>";
		};
/* End PBXGroup section */

/* Begin PBXNativeTarget section */
		438E161626AE4F7C00DB4144 /* DPopupManager */ = {
			isa = PBXNativeTarget;
			buildConfigurationList = 438E163026AE4F7D00DB4144 /* Build configuration list for PBXNativeTarget "DPopupManager" */;
			buildPhases = (
				438E161326AE4F7C00DB4144 /* Sources */,
				438E161426AE4F7C00DB4144 /* Frameworks */,
				438E161526AE4F7C00DB4144 /* Resources */,
			);
			buildRules = (
			);
			dependencies = (
			);
			name = DPopupManager;
			productName = DPopupManager;
			productReference = 438E161726AE4F7C00DB4144 /* DPopupManager.app */;
			productType = "com.apple.product-type.application";
		};
/* End PBXNativeTarget section */

/* Begin PBXProject section */
		438E160F26AE4F7C00DB4144 /* Project object */ = {
			isa = PBXProject;
			attributes = {
				LastUpgradeCheck = 1250;
				TargetAttributes = {
					438E161626AE4F7C00DB4144 = {
						CreatedOnToolsVersion = 12.5.1;
					};
				};
			};
			buildConfigurationList = 438E161226AE4F7C00DB4144 /* Build configuration list for PBXProject "DPopupManager" */;
			compatibilityVersion = "Xcode 9.3";
			developmentRegion = en;
			hasScannedForEncodings = 0;
			knownRegions = (
				en,
				Base,
			);
			mainGroup = 438E160E26AE4F7C00DB4144;
			productRefGroup = 438E161826AE4F7C00DB4144 /* Products */;
			projectDirPath = "";
			projectRoot = "";
			targets = (
				438E161626AE4F7C00DB4144 /* DPopupManager */,
			);
		};
/* End PBXProject section */

/* Begin PBXResourcesBuildPhase section */
		438E161526AE4F7C00DB4144 /* Resources */ = {
			isa = PBXResourcesBuildPhase;
			buildActionMask = 2147483647;
			files = (
				438E162A26AE4F7D00DB4144 /* LaunchScreen.storyboard in Resources */,
				438E162726AE4F7D00DB4144 /* Assets.xcassets in Resources */,
				438E162526AE4F7C00DB4144 /* Main.storyboard in Resources */,
			);
			runOnlyForDeploymentPostprocessing = 0;
		};
/* End PBXResourcesBuildPhase section */

/* Begin PBXSourcesBuildPhase section */
		438E161326AE4F7C00DB4144 /* Sources */ = {
			isa = PBXSourcesBuildPhase;
			buildActionMask = 2147483647;
			files = (
				438E163626AE4FEE00DB4144 /* DPopupManager.m in Sources */,
				438E162226AE4F7C00DB4144 /* ViewController.m in Sources */,
				438E161C26AE4F7C00DB4144 /* AppDelegate.m in Sources */,
				438E162D26AE4F7D00DB4144 /* main.m in Sources */,
				438E161F26AE4F7C00DB4144 /* SceneDelegate.m in Sources */,
			);
			runOnlyForDeploymentPostprocessing = 0;
		};
/* End PBXSourcesBuildPhase section */

/* Begin PBXVariantGroup section */
		438E162326AE4F7C00DB4144 /* Main.storyboard */ = {
			isa = PBXVariantGroup;
			children = (
				438E162426AE4F7C00DB4144 /* Base */,
			);
			name = Main.storyboard;
			sourceTree = "<group>";
		};
		438E162826AE4F7D00DB4144 /* LaunchScreen.storyboard */ = {
			isa = PBXVariantGroup;
			children = (
				438E162926AE4F7D00DB4144 /* Base */,
			);
			name = LaunchScreen.storyboard;
			sourceTree = "<group>";
		};
/* End PBXVariantGroup section */

/* Begin XCBuildConfiguration section */
		438E162E26AE4F7D00DB4144 /* Debug */ = {
			isa = XCBuildConfiguration;
			buildSettings = {
				ALWAYS_SEARCH_USER_PATHS = NO;
				CLANG_ANALYZER_NONNULL = YES;
				CLANG_ANALYZER_NUMBER_OBJECT_CONVERSION = YES_AGGRESSIVE;
				CLANG_CXX_LANGUAGE_STANDARD = "gnu++14";
				CLANG_CXX_LIBRARY = "libc++";
				CLANG_ENABLE_MODULES = YES;
				CLANG_ENABLE_OBJC_ARC = YES;
				CLANG_ENABLE_OBJC_WEAK = YES;
				CLANG_WARN_BLOCK_CAPTURE_AUTORELEASING = YES;
				CLANG_WARN_BOOL_CONVERSION = YES;
				CLANG_WARN_COMMA = YES;
				CLANG_WARN_CONSTANT_CONVERSION = YES;
				CLANG_WARN_DEPRECATED_OBJC_IMPLEMENTATIONS = YES;
				CLANG_WARN_DIRECT_OBJC_ISA_USAGE = YES_ERROR;
				CLANG_WARN_DOCUMENTATION_COMMENTS = YES;
				CLANG_WARN_EMPTY_BODY = YES;
				CLANG_WARN_ENUM_CONVERSION = YES;
				CLANG_WARN_INFINITE_RECURSION = YES;
				CLANG_WARN_INT_CONVERSION = YES;
				CLANG_WARN_NON_LITERAL_NULL_CONVERSION = YES;
				CLANG_WARN_OBJC_IMPLICIT_RETAIN_SELF = YES;
				CLANG_WARN_OBJC_LITERAL_CONVERSION = YES;
				CLANG_WARN_OBJC_ROOT_CLASS = YES_ERROR;
				CLANG_WARN_QUOTED_INCLUDE_IN_FRAMEWORK_HEADER = YES;
				CLANG_WARN_RANGE_LOOP_ANALYSIS = YES;
				CLANG_WARN_STRICT_PROTOTYPES = YES;
				CLANG_WARN_SUSPICIOUS_MOVE = YES;
				CLANG_WARN_UNGUARDED_AVAILABILITY = YES_AGGRESSIVE;
				CLANG_WARN_UNREACHABLE_CODE = YES;
				CLANG_WARN__DUPLICATE_METHOD_MATCH = YES;
				COPY_PHASE_STRIP = NO;
				DEBUG_INFORMATION_FORMAT = dwarf;
				ENABLE_STRICT_OBJC_MSGSEND = YES;
				ENABLE_TESTABILITY = YES;
				GCC_C_LANGUAGE_STANDARD = gnu11;
				GCC_DYNAMIC_NO_PIC = NO;
				GCC_NO_COMMON_BLOCKS = YES;
				GCC_OPTIMIZATION_LEVEL = 0;
				GCC_PREPROCESSOR_DEFINITIONS = (
					"DEBUG=1",
					"$(inherited)",
				);
				GCC_WARN_64_TO_32_BIT_CONVERSION = YES;
				GCC_WARN_ABOUT_RETURN_TYPE = YES_ERROR;
				GCC_WARN_UNDECLARED_SELECTOR = YES;
				GCC_WARN_UNINITIALIZED_AUTOS = YES_AGGRESSIVE;
				GCC_WARN_UNUSED_FUNCTION = YES;
				GCC_WARN_UNUSED_VARIABLE = YES;
				IPHONEOS_DEPLOYMENT_TARGET = 14.5;
				MTL_ENABLE_DEBUG_INFO = INCLUDE_SOURCE;
				MTL_FAST_MATH = YES;
				ONLY_ACTIVE_ARCH = YES;
				SDKROOT = iphoneos;
			};
			name = Debug;
		};
		438E162F26AE4F7D00DB4144 /* Release */ = {
			isa = XCBuildConfiguration;
			buildSettings = {
				ALWAYS_SEARCH_USER_PATHS = NO;
				CLANG_ANALYZER_NONNULL = YES;
				CLANG_ANALYZER_NUMBER_OBJECT_CONVERSION = YES_AGGRESSIVE;
				CLANG_CXX_LANGUAGE_STANDARD = "gnu++14";
				CLANG_CXX_LIBRARY = "libc++";
				CLANG_ENABLE_MODULES = YES;
				CLANG_ENABLE_OBJC_ARC = YES;
				CLANG_ENABLE_OBJC_WEAK = YES;
				CLANG_WARN_BLOCK_CAPTURE_AUTORELEASING = YES;
				CLANG_WARN_BOOL_CONVERSION = YES;
				CLANG_WARN_COMMA = YES;
				CLANG_WARN_CONSTANT_CONVERSION = YES;
				CLANG_WARN_DEPRECATED_OBJC_IMPLEMENTATIONS = YES;
				CLANG_WARN_DIRECT_OBJC_ISA_USAGE = YES_ERROR;
				CLANG_WARN_DOCUMENTATION_COMMENTS = YES;
				CLANG_WARN_EMPTY_BODY = YES;
				CLANG_WARN_ENUM_CONVERSION = YES;
				CLANG_WARN_INFINITE_RECURSION = YES;
				CLANG_WARN_INT_CONVERSION = YES;
				CLANG_WARN_NON_LITERAL_NULL_CONVERSION = YES;
				CLANG_WARN_OBJC_IMPLICIT_RETAIN_SELF = YES;
				CLANG_WARN_OBJC_LITERAL_CONVERSION = YES;
				CLANG_WARN_OBJC_ROOT_CLASS = YES_ERROR;
				CLANG_WARN_QUOTED_INCLUDE_IN_FRAMEWORK_HEADER = YES;
				CLANG_WARN_RANGE_LOOP_ANALYSIS = YES;
				CLANG_WARN_STRICT_PROTOTYPES = YES;
				CLANG_WARN_SUSPICIOUS_MOVE = YES;
				CLANG_WARN_UNGUARDED_AVAILABILITY = YES_AGGRESSIVE;
				CLANG_WARN_UNREACHABLE_CODE = YES;
				CLANG_WARN__DUPLICATE_METHOD_MATCH = YES;
				COPY_PHASE_STRIP = NO;
				DEBUG_INFORMATION_FORMAT = "dwarf-with-dsym";
				ENABLE_NS_ASSERTIONS = NO;
				ENABLE_STRICT_OBJC_MSGSEND = YES;
				GCC_C_LANGUAGE_STANDARD = gnu11;
				GCC_NO_COMMON_BLOCKS = YES;
				GCC_WARN_64_TO_32_BIT_CONVERSION = YES;
				GCC_WARN_ABOUT_RETURN_TYPE = YES_ERROR;
				GCC_WARN_UNDECLARED_SELECTOR = YES;
				GCC_WARN_UNINITIALIZED_AUTOS = YES_AGGRESSIVE;
				GCC_WARN_UNUSED_FUNCTION = YES;
				GCC_WARN_UNUSED_VARIABLE = YES;
				IPHONEOS_DEPLOYMENT_TARGET = 14.5;
				MTL_ENABLE_DEBUG_INFO = NO;
				MTL_FAST_MATH = YES;
				SDKROOT = iphoneos;
				VALIDATE_PRODUCT = YES;
			};
			name = Release;
		};
		438E163126AE4F7D00DB4144 /* Debug */ = {
			isa = XCBuildConfiguration;
			buildSettings = {
				ASSETCATALOG_COMPILER_APPICON_NAME = AppIcon;
				ASSETCATALOG_COMPILER_GLOBAL_ACCENT_COLOR_NAME = AccentColor;
				CODE_SIGN_STYLE = Automatic;
				DEVELOPMENT_TEAM = 5TU5547C6N;
				INFOPLIST_FILE = DPopupManager/Info.plist;
				IPHONEOS_DEPLOYMENT_TARGET = 11.0;
				LD_RUNPATH_SEARCH_PATHS = (
					"$(inherited)",
					"@executable_path/Frameworks",
				);
				PRODUCT_BUNDLE_IDENTIFIER = com.wudan.DPopupManager;
				PRODUCT_NAME = "$(TARGET_NAME)";
				TARGETED_DEVICE_FAMILY = "1,2";
			};
			name = Debug;
		};
		438E163226AE4F7D00DB4144 /* Release */ = {
			isa = XCBuildConfiguration;
			buildSettings = {
				ASSETCATALOG_COMPILER_APPICON_NAME = AppIcon;
				ASSETCATALOG_COMPILER_GLOBAL_ACCENT_COLOR_NAME = AccentColor;
				CODE_SIGN_STYLE = Automatic;
				DEVELOPMENT_TEAM = 5TU5547C6N;
				INFOPLIST_FILE = DPopupManager/Info.plist;
				IPHONEOS_DEPLOYMENT_TARGET = 11.0;
				LD_RUNPATH_SEARCH_PATHS = (
					"$(inherited)",
					"@executable_path/Frameworks",
				);
				PRODUCT_BUNDLE_IDENTIFIER = com.wudan.DPopupManager;
				PRODUCT_NAME = "$(TARGET_NAME)";
				TARGETED_DEVICE_FAMILY = "1,2";
			};
			name = Release;
		};
/* End XCBuildConfiguration section */

/* Begin XCConfigurationList section */
		438E161226AE4F7C00DB4144 /* Build configuration list for PBXProject "DPopupManager" */ = {
			isa = XCConfigurationList;
			buildConfigurations = (
				438E162E26AE4F7D00DB4144 /* Debug */,
				438E162F26AE4F7D00DB4144 /* Release */,
			);
			defaultConfigurationIsVisible = 0;
			defaultConfigurationName = Release;
		};
		438E163026AE4F7D00DB4144 /* Build configuration list for PBXNativeTarget "DPopupManager" */ = {
			isa = XCConfigurationList;
			buildConfigurations = (
				438E163126AE4F7D00DB4144 /* Debug */,
				438E163226AE4F7D00DB4144 /* Release */,
			);
			defaultConfigurationIsVisible = 0;
			defaultConfigurationName = Release;
		};
/* End XCConfigurationList section */
	};
	rootObject = 438E160F26AE4F7C00DB4144 /* Project object */;
}
